<?xml version="1.0" encoding="utf-8"?>
<Project ToolsVersion="4.0" xmlns="http://schemas.microsoft.com/developer/msbuild/2003">
  <ItemGroup>
    <Filter Include="Source Files">
      <UniqueIdentifier>{4FC737F1-C7A5-4376-A066-2A32D752A2FF}</UniqueIdentifier>
      <Extensions>cpp;c;cc;cxx;def;odl;idl;hpj;bat;asm;asmx</Extensions>
    </Filter>
    <Filter Include="Header Files">
      <UniqueIdentifier>{93995380-89BD-4b04-88EB-625FBE52EBFB}</UniqueIdentifier>
      <Extensions>h;hpp;hxx;hm;inl;inc;xsd</Extensions>
    </Filter>
    <Filter Include="Resource Files">
      <UniqueIdentifier>{67DA6AB6-F800-4c08-8B7A-83BB121AAD01}</UniqueIdentifier>
      <Extensions>rc;ico;cur;bmp;dlg;rc2;rct;bin;rgs;gif;jpg;jpeg;jpe;resx;tiff;tif;png;wav;mfcribbon-ms</Extensions>
    </Filter>
    <Filter Include="Source Files\Server">
      <UniqueIdentifier>{c2a8c108-60d3-4a9d-a8cb-15f5d57b2f4f}</UniqueIdentifier>
    </Filter>
    <Filter Include="Source Files\Math">
      <UniqueIdentifier>{29535f6e-f5fb-48e7-8dc8-1dff9e70f563}</UniqueIdentifier>
    </Filter>
    <Filter Include="Source Files\Map">
      <UniqueIdentifier>{b2de5ac4-aa79-443f-a521-42d1e4e78768}</UniqueIdentifier>
    </Filter>
    <Filter Include="Source Files\Client">
      <UniqueIdentifier>{6ca9e765-4b98-454e-a838-fa98574819c0}</UniqueIdentifier>
    </Filter>
    <Filter Include="Source Files\Projectile">
      <UniqueIdentifier>{ee570f06-c447-4fe5-948f-24ef3cdc4f16}</UniqueIdentifier>
    </Filter>
    <Filter Include="Source Files\Score">
      <UniqueIdentifier>{1435fc04-4313-4cbf-b5ec-6ddb02301ca5}</UniqueIdentifier>
    </Filter>
  </ItemGroup>
  <ItemGroup>
    <ClCompile Include="Main.cpp">
      <Filter>Source Files</Filter>
    </ClCompile>
    <ClCompile Include="Server.cpp">
      <Filter>Source Files\Server</Filter>
    </ClCompile>
    <ClCompile Include="..\..\Common\Map.cpp">
      <Filter>Source Files\Map</Filter>
    </ClCompile>
    <ClCompile Include="Client.cpp">
      <Filter>Source Files\Client</Filter>
    </ClCompile>
    <ClCompile Include="..\..\Common\Projectile.cpp">
      <Filter>Source Files\Projectile</Filter>
    </ClCompile>
    <ClCompile Include="InputData.cpp">
      <Filter>Source Files\Server</Filter>
    </ClCompile>
    <ClCompile Include="..\..\Common\GeneralMath.cpp">
      <Filter>Source Files\Math</Filter>
    </ClCompile>
    <ClCompile Include="GameManager.cpp">
      <Filter>Source Files\Server</Filter>
    </ClCompile>
    <ClCompile Include="..\..\Common\Score.cpp">
      <Filter>Source Files\Score</Filter>
    </ClCompile>
  </ItemGroup>
  <ItemGroup>
    <ClInclude Include="Server.h">
      <Filter>Source Files\Server</Filter>
    </ClInclude>
    <ClInclude Include="..\..\Common\Protocol.h">
      <Filter>Source Files</Filter>
    </ClInclude>
    <ClInclude Include="..\..\Common\Map.h">
      <Filter>Source Files\Map</Filter>
    </ClInclude>
    <ClInclude Include="Client.h">
      <Filter>Source Files\Client</Filter>
    </ClInclude>
    <ClInclude Include="..\..\Common\Projectile.h">
      <Filter>Source Files\Projectile</Filter>
    </ClInclude>
    <ClInclude Include="InputData.h">
      <Filter>Source Files\Server</Filter>
    </ClInclude>
    <ClInclude Include="..\..\Common\GeneralMath.h">
      <Filter>Source Files\Math</Filter>
    </ClInclude>
    <ClInclude Include="GameManager.h">
      <Filter>Source Files\Server</Filter>
    </ClInclude>
    <ClInclude Include="..\..\Common\Score.h">
      <Filter>Source Files\Score</Filter>
    </ClInclude>
  </ItemGroup>
  <ItemGroup>
    <None Include="..\..\Common\GeneralMath.inl">
      <Filter>Source Files\Math</Filter>
    </None>
  </ItemGroup>
</Project>