<?xml version="1.0" encoding="utf-8"?>
<Project ToolsVersion="4.0" xmlns="http://schemas.microsoft.com/developer/msbuild/2003">
  <ItemGroup>
    <Filter Include="Source Files">
      <UniqueIdentifier>{4FC737F1-C7A5-4376-A066-2A32D752A2FF}</UniqueIdentifier>
      <Extensions>cpp;c;cc;cxx;def;odl;idl;hpj;bat;asm;asmx</Extensions>
    </Filter>
    <Filter Include="Resource Files">
      <UniqueIdentifier>{67DA6AB6-F800-4c08-8B7A-83BB121AAD01}</UniqueIdentifier>
      <Extensions>rc;ico;cur;bmp;dlg;rc2;rct;bin;rgs;gif;jpg;jpeg;jpe;resx;tiff;tif;png;wav;mfcribbon-ms</Extensions>
    </Filter>
    <Filter Include="Source Files\Map">
      <UniqueIdentifier>{df0d3174-f910-49d0-ab3c-8b11299a4bda}</UniqueIdentifier>
    </Filter>
    <Filter Include="Source Files\Projectile">
      <UniqueIdentifier>{dc68d935-6cc0-4137-ab5b-0ce212bf4803}</UniqueIdentifier>
    </Filter>
    <Filter Include="Source Files\Math">
      <UniqueIdentifier>{6842b237-143b-4620-8db2-58e1c39832a3}</UniqueIdentifier>
    </Filter>
    <Filter Include="Source Files\Score">
      <UniqueIdentifier>{7bf3e5d7-909e-4a10-886c-a59ad559916e}</UniqueIdentifier>
    </Filter>
    <Filter Include="Source Files\Particle">
      <UniqueIdentifier>{94e376b6-a183-4ccc-92fa-f70570585159}</UniqueIdentifier>
    </Filter>
    <Filter Include="Source Files\Gui">
      <UniqueIdentifier>{597f8b2e-ae54-429e-9215-7ac6a0a6f865}</UniqueIdentifier>
    </Filter>
    <Filter Include="Source Files\State stack">
      <UniqueIdentifier>{7ea6c6e3-aab4-4030-8330-a106c939aff0}</UniqueIdentifier>
    </Filter>
    <Filter Include="Source Files\Power">
      <UniqueIdentifier>{e1dc3ff5-5801-40b6-8107-d70856eee520}</UniqueIdentifier>
    </Filter>
    <Filter Include="Source Files\Audio">
      <UniqueIdentifier>{8a463bae-731c-43ef-8af6-a1e9bbd8ac12}</UniqueIdentifier>
    </Filter>
    <Filter Include="Source Files\Object">
      <UniqueIdentifier>{72a53abd-4577-437e-9362-663d618e5b5a}</UniqueIdentifier>
    </Filter>
  </ItemGroup>
  <ItemGroup>
    <ClCompile Include="Main.cpp">
      <Filter>Source Files</Filter>
    </ClCompile>
    <ClCompile Include="MultiplayerGame.cpp">
      <Filter>Source Files</Filter>
    </ClCompile>
    <ClCompile Include="Player.cpp">
      <Filter>Source Files</Filter>
    </ClCompile>
    <ClCompile Include="..\..\Common\Map.cpp">
      <Filter>Source Files\Map</Filter>
    </ClCompile>
    <ClCompile Include="..\..\Common\Projectile.cpp">
      <Filter>Source Files\Projectile</Filter>
    </ClCompile>
    <ClCompile Include="..\..\Common\GeneralMath.cpp">
      <Filter>Source Files\Math</Filter>
    </ClCompile>
    <ClCompile Include="Scoreboard.cpp">
      <Filter>Source Files\Score</Filter>
    </ClCompile>
    <ClCompile Include="..\..\Common\Score.cpp">
      <Filter>Source Files\Score</Filter>
    </ClCompile>
    <ClCompile Include="ScoreText.cpp">
      <Filter>Source Files\Score</Filter>
    </ClCompile>
    <ClCompile Include="ParticleType.cpp">
      <Filter>Source Files\Particle</Filter>
    </ClCompile>
    <ClCompile Include="ParticleLoader.cpp">
      <Filter>Source Files\Particle</Filter>
    </ClCompile>
    <ClCompile Include="ParticleEmitter.cpp">
      <Filter>Source Files\Particle</Filter>
    </ClCompile>
    <ClCompile Include="Particle.cpp">
      <Filter>Source Files\Particle</Filter>
    </ClCompile>
    <ClCompile Include="Button.cpp">
      <Filter>Source Files\Gui</Filter>
    </ClCompile>
    <ClCompile Include="Component.cpp">
      <Filter>Source Files\Gui</Filter>
    </ClCompile>
    <ClCompile Include="State.cpp">
      <Filter>Source Files\State stack</Filter>
    </ClCompile>
    <ClCompile Include="StateStack.cpp">
      <Filter>Source Files\State stack</Filter>
    </ClCompile>
    <ClCompile Include="Application.cpp">
      <Filter>Source Files</Filter>
    </ClCompile>
    <ClCompile Include="MenuState.cpp">
      <Filter>Source Files\State stack</Filter>
    </ClCompile>
    <ClCompile Include="Textbox.cpp">
      <Filter>Source Files\Gui</Filter>
    </ClCompile>
    <ClCompile Include="..\..\Server\Server\PowerTile.cpp">
      <Filter>Source Files\Map</Filter>
    </ClCompile>
    <ClCompile Include="..\..\Common\Power.cpp">
      <Filter>Source Files\Power</Filter>
    </ClCompile>
    <ClCompile Include="AudioPlayer.cpp">
      <Filter>Source Files\Audio</Filter>
    </ClCompile>
<<<<<<< HEAD
    <ClCompile Include="..\..\Server\Server\Object.cpp">
      <Filter>Source Files\Object</Filter>
=======
    <ClCompile Include="PreMatchState.cpp">
      <Filter>Source Files\State stack</Filter>
>>>>>>> bf27e40572ae71f4caa877fda7f13299533985e6
    </ClCompile>
  </ItemGroup>
  <ItemGroup>
    <ClInclude Include="MultiplayerGame.h">
      <Filter>Source Files</Filter>
    </ClInclude>
    <ClInclude Include="..\..\Common\Protocol.h">
      <Filter>Source Files</Filter>
    </ClInclude>
    <ClInclude Include="Player.h">
      <Filter>Source Files</Filter>
    </ClInclude>
    <ClInclude Include="..\..\Common\Map.h">
      <Filter>Source Files\Map</Filter>
    </ClInclude>
    <ClInclude Include="..\..\Common\Projectile.h">
      <Filter>Source Files\Projectile</Filter>
    </ClInclude>
    <ClInclude Include="..\..\Common\GeneralMath.h">
      <Filter>Source Files\Math</Filter>
    </ClInclude>
    <ClInclude Include="..\..\Common\Tile.h">
      <Filter>Source Files\Map</Filter>
    </ClInclude>
    <ClInclude Include="Scoreboard.h">
      <Filter>Source Files\Score</Filter>
    </ClInclude>
    <ClInclude Include="..\..\Common\Score.h">
      <Filter>Source Files\Score</Filter>
    </ClInclude>
    <ClInclude Include="ScoreText.h">
      <Filter>Source Files\Score</Filter>
    </ClInclude>
    <ClInclude Include="ParticleType.h">
      <Filter>Source Files\Particle</Filter>
    </ClInclude>
    <ClInclude Include="ParticleLoader.h">
      <Filter>Source Files\Particle</Filter>
    </ClInclude>
    <ClInclude Include="ParticleEmitter.h">
      <Filter>Source Files\Particle</Filter>
    </ClInclude>
    <ClInclude Include="Particle.h">
      <Filter>Source Files\Particle</Filter>
    </ClInclude>
    <ClInclude Include="Button.h">
      <Filter>Source Files\Gui</Filter>
    </ClInclude>
    <ClInclude Include="Component.h">
      <Filter>Source Files\Gui</Filter>
    </ClInclude>
    <ClInclude Include="State.h">
      <Filter>Source Files\State stack</Filter>
    </ClInclude>
    <ClInclude Include="StateStack.h">
      <Filter>Source Files\State stack</Filter>
    </ClInclude>
    <ClInclude Include="StateIdentifiers.h">
      <Filter>Source Files\State stack</Filter>
    </ClInclude>
    <ClInclude Include="Application.h">
      <Filter>Source Files</Filter>
    </ClInclude>
    <ClInclude Include="MenuState.h">
      <Filter>Source Files\State stack</Filter>
    </ClInclude>
    <ClInclude Include="Textbox.h">
      <Filter>Source Files\Gui</Filter>
    </ClInclude>
    <ClInclude Include="..\..\Server\Server\PowerTile.h">
      <Filter>Source Files\Map</Filter>
    </ClInclude>
    <ClInclude Include="..\..\Common\Power.h">
      <Filter>Source Files\Power</Filter>
    </ClInclude>
    <ClInclude Include="AudioPlayer.h">
      <Filter>Source Files\Audio</Filter>
    </ClInclude>
<<<<<<< HEAD
    <ClInclude Include="..\..\Server\Server\Object.h">
      <Filter>Source Files\Object</Filter>
=======
    <ClInclude Include="PreMatchState.h">
      <Filter>Source Files\State stack</Filter>
>>>>>>> bf27e40572ae71f4caa877fda7f13299533985e6
    </ClInclude>
  </ItemGroup>
  <ItemGroup>
    <None Include="..\..\Common\GeneralMath.inl">
      <Filter>Source Files\Math</Filter>
    </None>
  </ItemGroup>
</Project>